SITE
  remote: https://supermarket.chef.io/api/v1
  specs:
    apache2 (5.0.1)
    apt (6.1.4)
    ark (3.1.0)
      build-essential (>= 0.0.0)
      seven_zip (>= 0.0.0)
      windows (>= 0.0.0)
    build-essential (8.0.4)
      mingw (>= 1.1)
      seven_zip (>= 0.0.0)
    git (8.0.1)
      build-essential (>= 0.0.0)
      homebrew (>= 0.0.0)
    homebrew (4.3.0)
    install_from (3.0.4)
    logrotate (2.2.0)
    metachef (3.0.4)
    mingw (2.0.2)
      seven_zip (>= 0.0.0)
    nginx (8.0.0)
      build-essential (>= 0.0.0)
      ohai (>= 4.1.0)
      yum-epel (>= 0.0.0)
      zypper (>= 0.0.0)
    nodejs (5.0.0)
      ark (>= 2.0.2)
      build-essential (>= 0.0.0)
    ohai (5.2.2)
    openssl (8.1.2)
    packagecloud (0.3.0)
    readline (0.0.5)
    redis (3.0.4)
      install_from (>= 0.0.0)
      metachef (>= 0.0.0)
      runit (>= 0.0.0)
    ruby_build (1.1.0)
      git (>= 0.0.0)
      yum-epel (>= 0.0.0)
    ruby_rbenv (1.2.1)
      ruby_build (>= 1.1.0)
    runit (4.0.4)
      packagecloud (>= 0.0.0)
      yum-epel (>= 0.0.0)
    sc-mongodb (1.0.1)
      apt (>= 1.8.2)
      build-essential (>= 5.0.0)
      yum (>= 3.0)
    seven_zip (2.0.2)
      windows (>= 1.2.2)
    sqlite (1.1.3)
    subversion (2.1.3)
      apache2 (>= 2.0.0)
      windows (>= 1.44)
    vim (2.0.2)
    windows (3.4.4)
      ohai (>= 4.0.0)
    yum (5.1.0)
    yum-epel (3.0.0)
    zypper (0.4.0)

DEPENDENCIES
  apt (>= 0)
  build-essential (>= 0)
  git (~> 8.0.0)
  logrotate (>= 0)
  nginx (~> 8.0.0)
  nodejs (~> 5.0.0)
  openssl (~> 8.1.2)
  readline (~> 0.0.5)
  redis (~> 3.0.4)
  ruby_build (~> 1.1.0)
  ruby_rbenv (~> 1.2.1)
  sc-mongodb (~> 1.0.1)
  sqlite (~> 1.1.0)
  subversion (~> 2.1.3)
  vim (~> 2.0.2)

